
Microsoft Visual Studio Solution File, Format Version 12.00
# Visual Studio Version 17
VisualStudioVersion = 17.8.34601.278
MinimumVisualStudioVersion = 10.0.40219.1
Project("{FAE04EC0-301F-11D3-BF4B-00C04F79EFBC}") = "Production.Enterprise.Api", "Production.Enterprise.Api\Production.Enterprise.Api.csproj", "{5742E3E4-11B8-4011-8B34-BEFBBC2AE6ED}"
EndProject
Project("{FAE04EC0-301F-11D3-BF4B-00C04F79EFBC}") = "Production.Enterprise.Domain", "Production.Enterprise.Domain\Production.Enterprise.Domain.csproj", "{097A732E-16EA-4FAF-99F6-332F89471D65}"
EndProject
Project("{FAE04EC0-301F-11D3-BF4B-00C04F79EFBC}") = "Production.Enterprise.Application", "Production.Enterprise.Application\Production.Enterprise.Application.csproj", "{D16C2702-3214-4B8D-B29D-403D2B5BF7FC}"
EndProject
Project("{FAE04EC0-301F-11D3-BF4B-00C04F79EFBC}") = "Production.Enterprise.Infrastructure", "Production.Enterprise.Infrastructure\Production.Enterprise.Infrastructure.csproj", "{10842225-D5CE-48D6-B1E2-CB6A21CEDCE7}"
EndProject
Project("{FAE04EC0-301F-11D3-BF4B-00C04F79EFBC}") = "Production.Enterprise.Grpc", "Production.Enterprise.Grpc\Production.Enterprise.Grpc.csproj", "{A44F30A1-F28D-489F-8D94-75CB16B10F77}"
EndProject
Project("{FAE04EC0-301F-11D3-BF4B-00C04F79EFBC}") = "Production.Enterprise.Front", "Production.Enterprise.Front\Production.Enterprise.Front.csproj", "{C3D2448C-AEA8-4BEC-A950-AD4E24252CC1}"
EndProject
Global
	GlobalSection(SolutionConfigurationPlatforms) = preSolution
		Debug|Any CPU = Debug|Any CPU
		Release|Any CPU = Release|Any CPU
	EndGlobalSection
	GlobalSection(ProjectConfigurationPlatforms) = postSolution
		{5742E3E4-11B8-4011-8B34-BEFBBC2AE6ED}.Debug|Any CPU.ActiveCfg = Debug|Any CPU
		{5742E3E4-11B8-4011-8B34-BEFBBC2AE6ED}.Debug|Any CPU.Build.0 = Debug|Any CPU
		{5742E3E4-11B8-4011-8B34-BEFBBC2AE6ED}.Release|Any CPU.ActiveCfg = Release|Any CPU
		{5742E3E4-11B8-4011-8B34-BEFBBC2AE6ED}.Release|Any CPU.Build.0 = Release|Any CPU
		{097A732E-16EA-4FAF-99F6-332F89471D65}.Debug|Any CPU.ActiveCfg = Debug|Any CPU
		{097A732E-16EA-4FAF-99F6-332F89471D65}.Debug|Any CPU.Build.0 = Debug|Any CPU
		{097A732E-16EA-4FAF-99F6-332F89471D65}.Release|Any CPU.ActiveCfg = Release|Any CPU
		{097A732E-16EA-4FAF-99F6-332F89471D65}.Release|Any CPU.Build.0 = Release|Any CPU
		{D16C2702-3214-4B8D-B29D-403D2B5BF7FC}.Debug|Any CPU.ActiveCfg = Debug|Any CPU
		{D16C2702-3214-4B8D-B29D-403D2B5BF7FC}.Debug|Any CPU.Build.0 = Debug|Any CPU
		{D16C2702-3214-4B8D-B29D-403D2B5BF7FC}.Release|Any CPU.ActiveCfg = Release|Any CPU
		{D16C2702-3214-4B8D-B29D-403D2B5BF7FC}.Release|Any CPU.Build.0 = Release|Any CPU
		{10842225-D5CE-48D6-B1E2-CB6A21CEDCE7}.Debug|Any CPU.ActiveCfg = Debug|Any CPU
		{10842225-D5CE-48D6-B1E2-CB6A21CEDCE7}.Debug|Any CPU.Build.0 = Debug|Any CPU
		{10842225-D5CE-48D6-B1E2-CB6A21CEDCE7}.Release|Any CPU.ActiveCfg = Release|Any CPU
		{10842225-D5CE-48D6-B1E2-CB6A21CEDCE7}.Release|Any CPU.Build.0 = Release|Any CPU
		{A44F30A1-F28D-489F-8D94-75CB16B10F77}.Debug|Any CPU.ActiveCfg = Debug|Any CPU
		{A44F30A1-F28D-489F-8D94-75CB16B10F77}.Debug|Any CPU.Build.0 = Debug|Any CPU
		{A44F30A1-F28D-489F-8D94-75CB16B10F77}.Release|Any CPU.ActiveCfg = Release|Any CPU
		{A44F30A1-F28D-489F-8D94-75CB16B10F77}.Release|Any CPU.Build.0 = Release|Any CPU
		{C3D2448C-AEA8-4BEC-A950-AD4E24252CC1}.Debug|Any CPU.ActiveCfg = Debug|Any CPU
		{C3D2448C-AEA8-4BEC-A950-AD4E24252CC1}.Debug|Any CPU.Build.0 = Debug|Any CPU
		{C3D2448C-AEA8-4BEC-A950-AD4E24252CC1}.Release|Any CPU.ActiveCfg = Release|Any CPU
		{C3D2448C-AEA8-4BEC-A950-AD4E24252CC1}.Release|Any CPU.Build.0 = Release|Any CPU
	EndGlobalSection
	GlobalSection(SolutionProperties) = preSolution
		HideSolutionNode = FALSE
	EndGlobalSection
	GlobalSection(ExtensibilityGlobals) = postSolution
		SolutionGuid = {220AB073-FD46-460F-B830-942450558F96}
	EndGlobalSection
EndGlobal
